
Microsoft Visual Studio Solution File, Format Version 12.00
# Visual Studio 2012
Project("{E24C65DC-7377-472B-9ABA-BC803B73C61A}") = "testing-angular-from-scratch", "..\testing-angular-from-scratch", "{DE90C453-5F8F-4813-8638-79829D5DE114}"
	ProjectSection(WebsiteProperties) = preProject
		TargetFrameworkMoniker = ".NETFramework,Version%3Dv4.0"
		Debug.AspNetCompiler.VirtualPath = "/testing-angular-from-scratch"
		Debug.AspNetCompiler.PhysicalPath = "..\..\..\..\..\..\src\testing-angular-from-scratch\"
		Debug.AspNetCompiler.TargetPath = "PrecompiledWeb\testing-angular-from-scratch\"
		Debug.AspNetCompiler.Updateable = "true"
		Debug.AspNetCompiler.ForceOverwrite = "true"
		Debug.AspNetCompiler.FixedNames = "false"
		Debug.AspNetCompiler.Debug = "True"
		Release.AspNetCompiler.VirtualPath = "/testing-angular-from-scratch"
		Release.AspNetCompiler.PhysicalPath = "..\..\..\..\..\..\src\testing-angular-from-scratch\"
		Release.AspNetCompiler.TargetPath = "PrecompiledWeb\testing-angular-from-scratch\"
		Release.AspNetCompiler.Updateable = "true"
		Release.AspNetCompiler.ForceOverwrite = "true"
		Release.AspNetCompiler.FixedNames = "false"
		Release.AspNetCompiler.Debug = "False"
		VWDPort = "59018"
	EndProjectSection
EndProject
Global
	GlobalSection(SolutionConfigurationPlatforms) = preSolution
		Debug|Any CPU = Debug|Any CPU
	EndGlobalSection
	GlobalSection(ProjectConfigurationPlatforms) = postSolution
		{DE90C453-5F8F-4813-8638-79829D5DE114}.Debug|Any CPU.ActiveCfg = Debug|Any CPU
		{DE90C453-5F8F-4813-8638-79829D5DE114}.Debug|Any CPU.Build.0 = Debug|Any CPU
	EndGlobalSection
	GlobalSection(SolutionProperties) = preSolution
		HideSolutionNode = FALSE
	EndGlobalSection
EndGlobal
